
Microsoft Visual Studio Solution File, Format Version 12.00
# Visual Studio Version 16
VisualStudioVersion = 16.0.31702.278
MinimumVisualStudioVersion = 10.0.40219.1
Project("{8BC9CEB8-8B4A-11D0-8D11-00A0C91BC942}") = "BirdDog", "BirdDog.vcxproj", "{A9A5830C-2BBA-4AEC-9B33-E2F722EEAB2F}"
EndProject
Global
	GlobalSection(SolutionConfigurationPlatforms) = preSolution
		Debug|x64 = Debug|x64
		Debug|x86 = Debug|x86
		Release|x64 = Release|x64
		Release|x86 = Release|x86
	EndGlobalSection
	GlobalSection(ProjectConfigurationPlatforms) = postSolution
		{A9A5830C-2BBA-4AEC-9B33-E2F722EEAB2F}.Debug|x64.ActiveCfg = Debug|x64
		{A9A5830C-2BBA-4AEC-9B33-E2F722EEAB2F}.Debug|x64.Build.0 = Debug|x64
		{A9A5830C-2BBA-4AEC-9B33-E2F722EEAB2F}.Debug|x86.ActiveCfg = Debug|Win32
		{A9A5830C-2BBA-4AEC-9B33-E2F722EEAB2F}.Debug|x86.Build.0 = Debug|Win32
		{A9A5830C-2BBA-4AEC-9B33-E2F722EEAB2F}.Release|x64.ActiveCfg = Release|x64
		{A9A5830C-2BBA-4AEC-9B33-E2F722EEAB2F}.Release|x64.Build.0 = Release|x64
		{A9A5830C-2BBA-4AEC-9B33-E2F722EEAB2F}.Release|x86.ActiveCfg = Release|Win32
		{A9A5830C-2BBA-4AEC-9B33-E2F722EEAB2F}.Release|x86.Build.0 = Release|Win32
	EndGlobalSection
	GlobalSection(SolutionProperties) = preSolution
		HideSolutionNode = FALSE
	EndGlobalSection
	GlobalSection(ExtensibilityGlobals) = postSolution
		SolutionGuid = {EF002372-46A3-49E8-8CE2-47D6FC4092F7}
	EndGlobalSection
EndGlobal
